<?xml version="1.0" encoding="utf-8"?>
<Project ToolsVersion="4.0" xmlns="http://schemas.microsoft.com/developer/msbuild/2003">
  <ItemGroup>
    <Filter Include="Source Files">
      <UniqueIdentifier>{4FC737F1-C7A5-4376-A066-2A32D752A2FF}</UniqueIdentifier>
      <Extensions>cpp;c;cc;cxx;def;odl;idl;hpj;bat;asm;asmx</Extensions>
    </Filter>
    <Filter Include="Header Files">
      <UniqueIdentifier>{93995380-89BD-4b04-88EB-625FBE52EBFB}</UniqueIdentifier>
      <Extensions>h;hh;hpp;hxx;hm;inl;inc;ipp;xsd</Extensions>
    </Filter>
    <Filter Include="Resource Files">
      <UniqueIdentifier>{67DA6AB6-F800-4c08-8B7A-83BB121AAD01}</UniqueIdentifier>
      <Extensions>rc;ico;cur;bmp;dlg;rc2;rct;bin;rgs;gif;jpg;jpeg;jpe;resx;tiff;tif;png;wav;mfcribbon-ms</Extensions>
    </Filter>
    <Filter Include="Utils">
      <UniqueIdentifier>{dcde73ac-c32b-4384-b8e6-3e587a544984}</UniqueIdentifier>
    </Filter>
    <Filter Include="Asio">
      <UniqueIdentifier>{7a35d41d-5c49-4ab7-8b5a-fb42b80966c8}</UniqueIdentifier>
    </Filter>
    <Filter Include="Asio\Connection">
      <UniqueIdentifier>{6f2a52fd-0333-48ba-b5dd-c127bd93c1e5}</UniqueIdentifier>
    </Filter>
    <Filter Include="Asio\Server">
      <UniqueIdentifier>{68e0da39-74a5-4ba2-befe-13c38ae7051f}</UniqueIdentifier>
    </Filter>
    <Filter Include="Asio\Service">
      <UniqueIdentifier>{e0cc5b36-40f3-41b5-82e7-d93fe2e12361}</UniqueIdentifier>
    </Filter>
    <Filter Include="MQTT">
      <UniqueIdentifier>{fa2eff00-a0a4-47cb-8375-1b7fc97670e8}</UniqueIdentifier>
    </Filter>
    <Filter Include="MQTT\MessageDefinitions">
      <UniqueIdentifier>{b97acf91-b201-4453-827c-7e707e42f973}</UniqueIdentifier>
    </Filter>
    <Filter Include="MQTT\Errors">
      <UniqueIdentifier>{e9f9b4da-b31b-4ba2-95f4-602ae20adddb}</UniqueIdentifier>
    </Filter>
    <Filter Include="MQTT\MessageDefinitions\Connect">
      <UniqueIdentifier>{13f939bc-6d6e-4784-a566-cd3c1598b076}</UniqueIdentifier>
    </Filter>
    <Filter Include="MQTT\MessageDefinitions\Connack">
      <UniqueIdentifier>{db5019c3-17a5-4909-bcae-f3d21067eb6a}</UniqueIdentifier>
    </Filter>
    <Filter Include="MQTT\MessageDefinitions\PingResp">
      <UniqueIdentifier>{71d0abfb-740c-43bc-8a9a-7ea7723c84b3}</UniqueIdentifier>
    </Filter>
    <Filter Include="MQTT\MessageDefinitions\PingReq">
      <UniqueIdentifier>{8369f6cb-5397-4689-8190-9582390c5c45}</UniqueIdentifier>
    </Filter>
    <Filter Include="MQTT\Broker">
      <UniqueIdentifier>{3d875fc1-6df5-4f4d-b308-f91a3bfe771b}</UniqueIdentifier>
    </Filter>
    <Filter Include="MQTT\Server">
      <UniqueIdentifier>{1b549460-827a-4f8d-a17b-f267a667419d}</UniqueIdentifier>
    </Filter>
    <Filter Include="MQTT\MessageDefinitions\Disconnect">
      <UniqueIdentifier>{5bf5a732-1041-4764-b945-4b190358cad0}</UniqueIdentifier>
    </Filter>
    <Filter Include="MQTT\MessageDefinitions\Unsubscribe">
      <UniqueIdentifier>{113846d8-6374-4b2e-8918-356258ad3764}</UniqueIdentifier>
    </Filter>
    <Filter Include="MQTT\MessageDefinitions\Subscribe">
      <UniqueIdentifier>{54097567-a3e1-46aa-b3c7-5b997841f100}</UniqueIdentifier>
    </Filter>
    <Filter Include="MQTT\MessageDefinitions\Suback">
      <UniqueIdentifier>{ae000880-5dc9-4f2f-8e6d-64e832de41a1}</UniqueIdentifier>
    </Filter>
    <Filter Include="MQTT\MessageDefinitions\Unsuback">
      <UniqueIdentifier>{949bb3b1-98a3-43cd-b0dd-267da3b73387}</UniqueIdentifier>
    </Filter>
    <Filter Include="MQTT\MessageDefinitions\Publish">
      <UniqueIdentifier>{f697a18b-806a-4000-b6bc-3f2f9824c9c9}</UniqueIdentifier>
    </Filter>
    <Filter Include="MQTT\MessageDefinitions\Puback">
      <UniqueIdentifier>{27749c25-1e49-4226-9f09-03e1f94becd3}</UniqueIdentifier>
    </Filter>
    <Filter Include="MQTT\MessageDefinitions\Pubrel">
      <UniqueIdentifier>{36cf1a3e-bc91-40d4-b4c2-56535a056589}</UniqueIdentifier>
    </Filter>
    <Filter Include="MQTT\MessageDefinitions\Pubrec">
      <UniqueIdentifier>{e14f202a-1849-41db-a3b2-a7b31666ec58}</UniqueIdentifier>
    </Filter>
    <Filter Include="MQTT\MessageDefinitions\Pubcomp">
      <UniqueIdentifier>{9e6a3c23-0bf8-4084-a9c9-a687ab8bb51d}</UniqueIdentifier>
    </Filter>
    <Filter Include="MQTT\Broker\Subscription">
      <UniqueIdentifier>{7321790d-912b-4ae1-9c9c-33b82a6ad2a1}</UniqueIdentifier>
    </Filter>
    <Filter Include="MQTT\Broker\Topics">
      <UniqueIdentifier>{0d1da157-b6f1-4f8e-812b-8af2b337325b}</UniqueIdentifier>
    </Filter>
    <Filter Include="MQTT\Broker\Session">
      <UniqueIdentifier>{0736b69c-cae0-4b57-9d5f-971676344327}</UniqueIdentifier>
    </Filter>
  </ItemGroup>
  <ItemGroup>
    <ClInclude Include="stdafx.h">
      <Filter>Header Files</Filter>
    </ClInclude>
    <ClInclude Include="targetver.h">
      <Filter>Header Files</Filter>
    </ClInclude>
    <ClInclude Include="ServerIOStream.h">
      <Filter>Header Files</Filter>
    </ClInclude>
    <ClInclude Include="RingBuffer.h">
      <Filter>Utils</Filter>
    </ClInclude>
    <ClInclude Include="MQTT\Errors\MalformedFixedHeader.h">
      <Filter>MQTT\Errors</Filter>
    </ClInclude>
    <ClInclude Include="MQTT\Errors\MalformedPacket.h">
      <Filter>MQTT\Errors</Filter>
    </ClInclude>
    <ClInclude Include="MQTT\MQTTConnection.h">
      <Filter>MQTT</Filter>
    </ClInclude>
    <ClInclude Include="MQTT\MessageDefinitions\Connect\ConnectPacket.h">
      <Filter>MQTT\MessageDefinitions\Connect</Filter>
    </ClInclude>
    <ClInclude Include="MQTT\MessageDefinitions\Connack\ConnackPacket.h">
      <Filter>MQTT\MessageDefinitions\Connack</Filter>
    </ClInclude>
    <ClInclude Include="MQTT\MessageDefinitions\PingReq\PingReqPacket.h">
      <Filter>MQTT\MessageDefinitions\PingReq</Filter>
    </ClInclude>
    <ClInclude Include="Asio\AsioConnection.h">
      <Filter>Asio\Connection</Filter>
    </ClInclude>
    <ClInclude Include="Asio\AsioConnectionManager.h">
      <Filter>Asio\Server</Filter>
    </ClInclude>
    <ClInclude Include="Asio\AsioServer.h">
      <Filter>Asio\Server</Filter>
    </ClInclude>
    <ClInclude Include="Asio\AsioService.h">
      <Filter>Asio\Service</Filter>
    </ClInclude>
    <ClInclude Include="MQTT\MessageDefinitions\ControlPacket.h">
      <Filter>MQTT\MessageDefinitions</Filter>
    </ClInclude>
    <ClInclude Include="MQTT\MessageDefinitions\PingResp\PingRespPacket.h">
      <Filter>MQTT\MessageDefinitions\PingResp</Filter>
    </ClInclude>
    <ClInclude Include="Asio\AsioConnectionFactory.h">
      <Filter>Asio\Server</Filter>
    </ClInclude>
    <ClInclude Include="MQTT\MQTTConnectionFactory.h">
      <Filter>MQTT</Filter>
    </ClInclude>
    <ClInclude Include="IMessageHandler.h">
      <Filter>MQTT\MessageDefinitions</Filter>
    </ClInclude>
    <ClInclude Include="MQTT\MessageDefinitions\Disconnect\DisconnectPacket.h">
      <Filter>MQTT\MessageDefinitions\Disconnect</Filter>
    </ClInclude>
    <ClInclude Include="MQTT\MessageDefinitions\Publish\PublishPacket.h">
      <Filter>MQTT\MessageDefinitions\Publish</Filter>
    </ClInclude>
    <ClInclude Include="MQTT\MessageDefinitions\ControlPacketId.h">
      <Filter>MQTT\MessageDefinitions</Filter>
    </ClInclude>
    <ClInclude Include="MQTT\MessageDefinitions\Puback\PubackPacket.h">
      <Filter>MQTT\MessageDefinitions\Puback</Filter>
    </ClInclude>
    <ClInclude Include="MQTT\MessageDefinitions\Pubrel\PubrelPacket.h">
      <Filter>MQTT\MessageDefinitions\Pubrel</Filter>
    </ClInclude>
    <ClInclude Include="MQTT\MessageDefinitions\Pubrec\PubrecPacket.h">
      <Filter>MQTT\MessageDefinitions\Pubrec</Filter>
    </ClInclude>
    <ClInclude Include="MQTT\MessageDefinitions\Pubcomp\PubcompPacket.h">
      <Filter>MQTT\MessageDefinitions\Pubcomp</Filter>
    </ClInclude>
    <ClInclude Include="MQTT\MessageDefinitions\Unsuback\UnsubackPacket.h">
      <Filter>MQTT\MessageDefinitions\Unsuback</Filter>
    </ClInclude>
    <ClInclude Include="MQTT\MessageDefinitions\Suback\SubackPacket.h">
      <Filter>MQTT\MessageDefinitions\Suback</Filter>
    </ClInclude>
    <ClInclude Include="MQTT\MessageDefinitions\Subscribe\SubscribePacket.h">
      <Filter>MQTT\MessageDefinitions\Subscribe</Filter>
    </ClInclude>
    <ClInclude Include="MQTT\MessageDefinitions\Unsubscribe\UnsubscribePacket.h">
      <Filter>MQTT\MessageDefinitions\Unsubscribe</Filter>
    </ClInclude>
    <ClInclude Include="MQTT\Broker\Broadcaster.h">
      <Filter>MQTT\Broker</Filter>
    </ClInclude>
    <ClInclude Include="MQTT\Broker\BroadcasterClient.h">
      <Filter>MQTT\Broker</Filter>
    </ClInclude>
    <ClInclude Include="MQTT\Broker\ApplicationMessage.h">
      <Filter>MQTT\Broker</Filter>
    </ClInclude>
    <ClInclude Include="Definitions.h">
      <Filter>Utils</Filter>
    </ClInclude>
    <ClInclude Include="MQTT\Broker\ClientStateLedger.h">
      <Filter>MQTT\Broker</Filter>
    </ClInclude>
    <ClInclude Include="MQTT\Broker\ClientState.h">
      <Filter>MQTT\Broker</Filter>
    </ClInclude>
    <ClInclude Include="MQTT\Broker\Subscription.h">
      <Filter>MQTT\Broker\Subscription</Filter>
    </ClInclude>
    <ClInclude Include="MQTT\Broker\SubscriptionManager.h">
      <Filter>MQTT\Broker\Subscription</Filter>
    </ClInclude>
    <ClInclude Include="MQTT\Broker\TopicManager.h">
      <Filter>MQTT\Broker\Topics</Filter>
    </ClInclude>
    <ClInclude Include="MQTT\Broker\Topic.h">
      <Filter>MQTT\Broker\Topics</Filter>
    </ClInclude>
    <ClInclude Include="MQTT\Broker\BrokerSession.h">
      <Filter>MQTT\Broker\Session</Filter>
    </ClInclude>
    <ClInclude Include="MQTT\Broker\BrokerClient.h">
      <Filter>MQTT\Broker\Session</Filter>
    </ClInclude>
    <ClInclude Include="MQTT\Broker\SubscriptionStore.h">
      <Filter>MQTT\Broker\Subscription</Filter>
    </ClInclude>
  </ItemGroup>
  <ItemGroup>
    <ClCompile Include="stdafx.cpp">
      <Filter>Source Files</Filter>
    </ClCompile>
    <ClCompile Include="MQTTBroker.cpp">
      <Filter>Source Files</Filter>
    </ClCompile>
    <ClCompile Include="ServerIOStream.cpp">
      <Filter>Source Files</Filter>
    </ClCompile>
    <ClCompile Include="RingBuffer.cpp">
      <Filter>Utils</Filter>
    </ClCompile>
    <ClCompile Include="Utils.h">
      <Filter>Utils</Filter>
    </ClCompile>
    <ClCompile Include="Utils.cpp">
      <Filter>Utils</Filter>
    </ClCompile>
    <ClCompile Include="MQTT\MQTTConnection.cpp">
      <Filter>MQTT</Filter>
    </ClCompile>
    <ClCompile Include="MQTT\MessageDefinitions\Connect\ConnectPacket.cpp">
      <Filter>MQTT\MessageDefinitions\Connect</Filter>
    </ClCompile>
    <ClCompile Include="MQTT\MessageDefinitions\Connack\ConnackPacket.cpp">
      <Filter>MQTT\MessageDefinitions\Connack</Filter>
    </ClCompile>
    <ClCompile Include="MQTT\MessageDefinitions\PingReq\PingReqPacket.cpp">
      <Filter>MQTT\MessageDefinitions\PingReq</Filter>
    </ClCompile>
    <ClCompile Include="Asio\AsioConnection.cpp">
      <Filter>Asio\Connection</Filter>
    </ClCompile>
    <ClCompile Include="Asio\AsioConnectionManager.cpp">
      <Filter>Asio\Server</Filter>
    </ClCompile>
    <ClCompile Include="Asio\AsioServer.cpp">
      <Filter>Asio\Server</Filter>
    </ClCompile>
    <ClCompile Include="Asio\AsioService.cpp">
      <Filter>Asio\Service</Filter>
    </ClCompile>
    <ClCompile Include="MQTT\MessageDefinitions\ControlPacket.cpp">
      <Filter>MQTT\MessageDefinitions</Filter>
    </ClCompile>
    <ClCompile Include="MQTT\MessageDefinitions\PingResp\PingRespPacket.cpp">
      <Filter>MQTT\MessageDefinitions\PingResp</Filter>
    </ClCompile>
    <ClCompile Include="Asio\AsioConnectionFactory.cpp">
      <Filter>Asio\Server</Filter>
    </ClCompile>
    <ClCompile Include="MQTT\MQTTConnectionFactory.cpp">
      <Filter>MQTT</Filter>
    </ClCompile>
    <ClCompile Include="MQTT\MessageDefinitions\Disconnect\DisconnectPacket.cpp">
      <Filter>MQTT\MessageDefinitions\Disconnect</Filter>
    </ClCompile>
    <ClCompile Include="MQTT\MessageDefinitions\Publish\PublishPacket.cpp">
      <Filter>MQTT\MessageDefinitions\Publish</Filter>
    </ClCompile>
    <ClCompile Include="MQTT\MessageDefinitions\ControlPacketId.cpp">
      <Filter>MQTT\MessageDefinitions</Filter>
    </ClCompile>
    <ClCompile Include="MQTT\MessageDefinitions\Puback\PubackPacket.cpp">
      <Filter>MQTT\MessageDefinitions\Puback</Filter>
    </ClCompile>
    <ClCompile Include="MQTT\MessageDefinitions\Pubrel\PubrelPacket.cpp">
      <Filter>MQTT\MessageDefinitions\Pubrel</Filter>
    </ClCompile>
    <ClCompile Include="MQTT\MessageDefinitions\Pubrec\PubrecPacket.cpp">
      <Filter>MQTT\MessageDefinitions\Pubrec</Filter>
    </ClCompile>
    <ClCompile Include="MQTT\MessageDefinitions\Pubcomp\PubcompPacket.cpp">
      <Filter>MQTT\MessageDefinitions\Pubcomp</Filter>
    </ClCompile>
    <ClCompile Include="MQTT\MessageDefinitions\Unsuback\UnsubackPacket.cpp">
      <Filter>MQTT\MessageDefinitions\Unsuback</Filter>
    </ClCompile>
    <ClCompile Include="MQTT\MessageDefinitions\Suback\SubackPacket.cpp">
      <Filter>MQTT\MessageDefinitions\Suback</Filter>
    </ClCompile>
    <ClCompile Include="MQTT\MessageDefinitions\Subscribe\SubscribePacket.cpp">
      <Filter>MQTT\MessageDefinitions\Subscribe</Filter>
    </ClCompile>
    <ClCompile Include="MQTT\MessageDefinitions\Unsubscribe\UnsubscribePacket.cpp">
      <Filter>MQTT\MessageDefinitions\Unsubscribe</Filter>
    </ClCompile>
    <ClCompile Include="MQTT\Broker\Broadcaster.cpp">
      <Filter>MQTT\Broker</Filter>
    </ClCompile>
    <ClCompile Include="MQTT\Broker\BroadcasterClient.cpp">
      <Filter>MQTT\Broker</Filter>
    </ClCompile>
    <ClCompile Include="MQTT\Broker\ApplicationMessage.cpp">
      <Filter>MQTT\Broker</Filter>
    </ClCompile>
    <ClCompile Include="MQTT\Broker\ClientStateLedger.cpp">
      <Filter>MQTT\Broker</Filter>
    </ClCompile>
    <ClCompile Include="MQTT\Broker\ClientState.cpp">
      <Filter>MQTT\Broker</Filter>
    </ClCompile>
    <ClCompile Include="MQTT\Broker\Subscription.cpp">
      <Filter>MQTT\Broker\Subscription</Filter>
    </ClCompile>
    <ClCompile Include="MQTT\Broker\SubscriptionManager.cpp">
      <Filter>MQTT\Broker\Subscription</Filter>
    </ClCompile>
    <ClCompile Include="MQTT\Broker\Topic.cpp">
      <Filter>MQTT\Broker\Topics</Filter>
    </ClCompile>
    <ClCompile Include="MQTT\Broker\TopicManager.cpp">
      <Filter>MQTT\Broker\Topics</Filter>
    </ClCompile>
    <ClCompile Include="MQTT\Broker\BrokerClient.cpp">
      <Filter>MQTT\Broker\Session</Filter>
    </ClCompile>
    <ClCompile Include="MQTT\Broker\BrokerSession.cpp">
      <Filter>MQTT\Broker\Session</Filter>
    </ClCompile>
    <ClCompile Include="MQTT\Broker\SubscriptionStore.cpp">
      <Filter>MQTT\Broker\Subscription</Filter>
    </ClCompile>
  </ItemGroup>
</Project>